
Microsoft Visual Studio Solution File, Format Version 12.00
# Visual Studio Version 17
VisualStudioVersion = 17.4.33213.308
MinimumVisualStudioVersion = 10.0.40219.1
Project("{9A19103F-16F7-4668-BE54-9A1E7A4F7556}") = "WaiphyomaungDotNetCore.ConsoleApp", "WaiphyomaungDotNetCore.ConsoleApp\WaiphyomaungDotNetCore.ConsoleApp.csproj", "{DD6C0089-F74B-440B-9150-195DA170DCF2}"
EndProject
Project("{9A19103F-16F7-4668-BE54-9A1E7A4F7556}") = "WaiphyomaungDotNetCore.RestAPI", "WaiphyomaungDotNetCore.RestAPI\WaiphyomaungDotNetCore.RestAPI.csproj", "{286B5C60-3B12-41E5-AB04-588A3777544E}"
EndProject
Project("{9A19103F-16F7-4668-BE54-9A1E7A4F7556}") = "WaiPhyoMaungDotNetCore.MinimalAPI", "WaiphyomaungDotNetCore.MinimalAPI\WaiPhyoMaungDotNetCore.MinimalAPI.csproj", "{17A15CF2-7C5C-4D2A-9E86-3434D98D6AEA}"
EndProject
Global
	GlobalSection(SolutionConfigurationPlatforms) = preSolution
		Debug|Any CPU = Debug|Any CPU
		Release|Any CPU = Release|Any CPU
	EndGlobalSection
	GlobalSection(ProjectConfigurationPlatforms) = postSolution
		{DD6C0089-F74B-440B-9150-195DA170DCF2}.Debug|Any CPU.ActiveCfg = Debug|Any CPU
		{DD6C0089-F74B-440B-9150-195DA170DCF2}.Debug|Any CPU.Build.0 = Debug|Any CPU
		{DD6C0089-F74B-440B-9150-195DA170DCF2}.Release|Any CPU.ActiveCfg = Release|Any CPU
		{DD6C0089-F74B-440B-9150-195DA170DCF2}.Release|Any CPU.Build.0 = Release|Any CPU
		{286B5C60-3B12-41E5-AB04-588A3777544E}.Debug|Any CPU.ActiveCfg = Debug|Any CPU
		{286B5C60-3B12-41E5-AB04-588A3777544E}.Debug|Any CPU.Build.0 = Debug|Any CPU
		{286B5C60-3B12-41E5-AB04-588A3777544E}.Release|Any CPU.ActiveCfg = Release|Any CPU
		{286B5C60-3B12-41E5-AB04-588A3777544E}.Release|Any CPU.Build.0 = Release|Any CPU
		{17A15CF2-7C5C-4D2A-9E86-3434D98D6AEA}.Debug|Any CPU.ActiveCfg = Debug|Any CPU
		{17A15CF2-7C5C-4D2A-9E86-3434D98D6AEA}.Debug|Any CPU.Build.0 = Debug|Any CPU
		{17A15CF2-7C5C-4D2A-9E86-3434D98D6AEA}.Release|Any CPU.ActiveCfg = Release|Any CPU
		{17A15CF2-7C5C-4D2A-9E86-3434D98D6AEA}.Release|Any CPU.Build.0 = Release|Any CPU
	EndGlobalSection
	GlobalSection(SolutionProperties) = preSolution
		HideSolutionNode = FALSE
	EndGlobalSection
	GlobalSection(ExtensibilityGlobals) = postSolution
		SolutionGuid = {097D09FC-E5EE-49B1-864B-FE7359C23FBC}
	EndGlobalSection
EndGlobal
